
Microsoft Visual Studio Solution File, Format Version 12.00
# Visual Studio Version 17
VisualStudioVersion = 17.9.34616.47
MinimumVisualStudioVersion = 10.0.40219.1
Project("{FAE04EC0-301F-11D3-BF4B-00C04F79EFBC}") = "WebScrapingTest", "WebScrapingTest.csproj", "{358300A4-1968-4925-A5DE-C27DE3F1A777}"
EndProject
Global
	GlobalSection(SolutionConfigurationPlatforms) = preSolution
		Debug|Any CPU = Debug|Any CPU
		Release|Any CPU = Release|Any CPU
	EndGlobalSection
	GlobalSection(ProjectConfigurationPlatforms) = postSolution
		{358300A4-1968-4925-A5DE-C27DE3F1A777}.Debug|Any CPU.ActiveCfg = Debug|Any CPU
		{358300A4-1968-4925-A5DE-C27DE3F1A777}.Debug|Any CPU.Build.0 = Debug|Any CPU
		{358300A4-1968-4925-A5DE-C27DE3F1A777}.Release|Any CPU.ActiveCfg = Release|Any CPU
		{358300A4-1968-4925-A5DE-C27DE3F1A777}.Release|Any CPU.Build.0 = Release|Any CPU
	EndGlobalSection
	GlobalSection(SolutionProperties) = preSolution
		HideSolutionNode = FALSE
	EndGlobalSection
	GlobalSection(ExtensibilityGlobals) = postSolution
		SolutionGuid = {808AE72D-B36E-419A-B03D-738D6F2F56E5}
	EndGlobalSection
EndGlobal
